
Microsoft Visual Studio Solution File, Format Version 12.00
# TcXaeShell Solution File, Format Version 11.00
VisualStudioVersion = 17.7.34302.85
MinimumVisualStudioVersion = 10.0.40219.1
Project("{B1E792BE-AA5F-4E3C-8C82-674BF9C0715B}") = "Base", "Base.tsproj", "{1B0C179B-E579-4E7F-98ED-A2C30E5FD459}"
EndProject
Global
	GlobalSection(SolutionConfigurationPlatforms) = preSolution
		Debug|TwinCAT OS (ARMV7-A) = Debug|TwinCAT OS (ARMV7-A)
		Debug|TwinCAT OS (ARMV7-M) = Debug|TwinCAT OS (ARMV7-M)
		Debug|TwinCAT OS (ARMV8-A) = Debug|TwinCAT OS (ARMV8-A)
		Debug|TwinCAT OS (x64) = Debug|TwinCAT OS (x64)
		Debug|TwinCAT RT (x64) = Debug|TwinCAT RT (x64)
		Debug|TwinCAT RT (x86) = Debug|TwinCAT RT (x86)
		Release|TwinCAT OS (ARMV7-A) = Release|TwinCAT OS (ARMV7-A)
		Release|TwinCAT OS (ARMV7-M) = Release|TwinCAT OS (ARMV7-M)
		Release|TwinCAT OS (ARMV8-A) = Release|TwinCAT OS (ARMV8-A)
		Release|TwinCAT OS (x64) = Release|TwinCAT OS (x64)
		Release|TwinCAT RT (x64) = Release|TwinCAT RT (x64)
		Release|TwinCAT RT (x86) = Release|TwinCAT RT (x86)
	EndGlobalSection
	GlobalSection(ProjectConfigurationPlatforms) = postSolution
		{1B0C179B-E579-4E7F-98ED-A2C30E5FD459}.Debug|TwinCAT OS (ARMV7-A).ActiveCfg = Debug|TwinCAT OS (ARMV7-A)
		{1B0C179B-E579-4E7F-98ED-A2C30E5FD459}.Debug|TwinCAT OS (ARMV7-A).Build.0 = Debug|TwinCAT OS (ARMV7-A)
		{1B0C179B-E579-4E7F-98ED-A2C30E5FD459}.Debug|TwinCAT OS (ARMV7-M).ActiveCfg = Debug|TwinCAT OS (ARMV7-M)
		{1B0C179B-E579-4E7F-98ED-A2C30E5FD459}.Debug|TwinCAT OS (ARMV7-M).Build.0 = Debug|TwinCAT OS (ARMV7-M)
		{1B0C179B-E579-4E7F-98ED-A2C30E5FD459}.Debug|TwinCAT OS (ARMV8-A).ActiveCfg = Debug|TwinCAT OS (ARMV8-A)
		{1B0C179B-E579-4E7F-98ED-A2C30E5FD459}.Debug|TwinCAT OS (ARMV8-A).Build.0 = Debug|TwinCAT OS (ARMV8-A)
		{1B0C179B-E579-4E7F-98ED-A2C30E5FD459}.Debug|TwinCAT OS (x64).ActiveCfg = Debug|TwinCAT OS (x64)
		{1B0C179B-E579-4E7F-98ED-A2C30E5FD459}.Debug|TwinCAT OS (x64).Build.0 = Debug|TwinCAT OS (x64)
		{1B0C179B-E579-4E7F-98ED-A2C30E5FD459}.Debug|TwinCAT RT (x64).ActiveCfg = Debug|TwinCAT RT (x64)
		{1B0C179B-E579-4E7F-98ED-A2C30E5FD459}.Debug|TwinCAT RT (x64).Build.0 = Debug|TwinCAT RT (x64)
		{1B0C179B-E579-4E7F-98ED-A2C30E5FD459}.Debug|TwinCAT RT (x86).ActiveCfg = Debug|TwinCAT RT (x86)
		{1B0C179B-E579-4E7F-98ED-A2C30E5FD459}.Debug|TwinCAT RT (x86).Build.0 = Debug|TwinCAT RT (x86)
		{1B0C179B-E579-4E7F-98ED-A2C30E5FD459}.Release|TwinCAT OS (ARMV7-A).ActiveCfg = Release|TwinCAT OS (ARMV7-A)
		{1B0C179B-E579-4E7F-98ED-A2C30E5FD459}.Release|TwinCAT OS (ARMV7-A).Build.0 = Release|TwinCAT OS (ARMV7-A)
		{1B0C179B-E579-4E7F-98ED-A2C30E5FD459}.Release|TwinCAT OS (ARMV7-M).ActiveCfg = Release|TwinCAT OS (ARMV7-M)
		{1B0C179B-E579-4E7F-98ED-A2C30E5FD459}.Release|TwinCAT OS (ARMV7-M).Build.0 = Release|TwinCAT OS (ARMV7-M)
		{1B0C179B-E579-4E7F-98ED-A2C30E5FD459}.Release|TwinCAT OS (ARMV8-A).ActiveCfg = Release|TwinCAT OS (ARMV8-A)
		{1B0C179B-E579-4E7F-98ED-A2C30E5FD459}.Release|TwinCAT OS (ARMV8-A).Build.0 = Release|TwinCAT OS (ARMV8-A)
		{1B0C179B-E579-4E7F-98ED-A2C30E5FD459}.Release|TwinCAT OS (x64).ActiveCfg = Release|TwinCAT OS (x64)
		{1B0C179B-E579-4E7F-98ED-A2C30E5FD459}.Release|TwinCAT OS (x64).Build.0 = Release|TwinCAT OS (x64)
		{1B0C179B-E579-4E7F-98ED-A2C30E5FD459}.Release|TwinCAT RT (x64).ActiveCfg = Release|TwinCAT RT (x64)
		{1B0C179B-E579-4E7F-98ED-A2C30E5FD459}.Release|TwinCAT RT (x64).Build.0 = Release|TwinCAT RT (x64)
		{1B0C179B-E579-4E7F-98ED-A2C30E5FD459}.Release|TwinCAT RT (x86).ActiveCfg = Release|TwinCAT RT (x86)
		{1B0C179B-E579-4E7F-98ED-A2C30E5FD459}.Release|TwinCAT RT (x86).Build.0 = Release|TwinCAT RT (x86)
		{542E6C12-158F-4956-9D68-A6ED0544C3EE}.Debug|TwinCAT OS (ARMV7-A).ActiveCfg = Debug|TwinCAT OS (ARMV7-A)
		{542E6C12-158F-4956-9D68-A6ED0544C3EE}.Debug|TwinCAT OS (ARMV7-A).Build.0 = Debug|TwinCAT OS (ARMV7-A)
		{542E6C12-158F-4956-9D68-A6ED0544C3EE}.Debug|TwinCAT OS (ARMV7-M).ActiveCfg = Debug|TwinCAT OS (ARMV7-M)
		{542E6C12-158F-4956-9D68-A6ED0544C3EE}.Debug|TwinCAT OS (ARMV7-M).Build.0 = Debug|TwinCAT OS (ARMV7-M)
		{542E6C12-158F-4956-9D68-A6ED0544C3EE}.Debug|TwinCAT OS (ARMV8-A).ActiveCfg = Debug|TwinCAT OS (ARMV8-A)
		{542E6C12-158F-4956-9D68-A6ED0544C3EE}.Debug|TwinCAT OS (ARMV8-A).Build.0 = Debug|TwinCAT OS (ARMV8-A)
		{542E6C12-158F-4956-9D68-A6ED0544C3EE}.Debug|TwinCAT OS (x64).ActiveCfg = Debug|TwinCAT OS (x64)
		{542E6C12-158F-4956-9D68-A6ED0544C3EE}.Debug|TwinCAT OS (x64).Build.0 = Debug|TwinCAT OS (x64)
		{542E6C12-158F-4956-9D68-A6ED0544C3EE}.Debug|TwinCAT RT (x64).ActiveCfg = Debug|TwinCAT RT (x64)
		{542E6C12-158F-4956-9D68-A6ED0544C3EE}.Debug|TwinCAT RT (x64).Build.0 = Debug|TwinCAT RT (x64)
		{542E6C12-158F-4956-9D68-A6ED0544C3EE}.Debug|TwinCAT RT (x86).ActiveCfg = Debug|TwinCAT RT (x86)
		{542E6C12-158F-4956-9D68-A6ED0544C3EE}.Debug|TwinCAT RT (x86).Build.0 = Debug|TwinCAT RT (x86)
		{542E6C12-158F-4956-9D68-A6ED0544C3EE}.Release|TwinCAT OS (ARMV7-A).ActiveCfg = Release|TwinCAT OS (ARMV7-A)
		{542E6C12-158F-4956-9D68-A6ED0544C3EE}.Release|TwinCAT OS (ARMV7-A).Build.0 = Release|TwinCAT OS (ARMV7-A)
		{542E6C12-158F-4956-9D68-A6ED0544C3EE}.Release|TwinCAT OS (ARMV7-M).ActiveCfg = Release|TwinCAT OS (ARMV7-M)
		{542E6C12-158F-4956-9D68-A6ED0544C3EE}.Release|TwinCAT OS (ARMV7-M).Build.0 = Release|TwinCAT OS (ARMV7-M)
		{542E6C12-158F-4956-9D68-A6ED0544C3EE}.Release|TwinCAT OS (ARMV8-A).ActiveCfg = Release|TwinCAT OS (ARMV8-A)
		{542E6C12-158F-4956-9D68-A6ED0544C3EE}.Release|TwinCAT OS (ARMV8-A).Build.0 = Release|TwinCAT OS (ARMV8-A)
		{542E6C12-158F-4956-9D68-A6ED0544C3EE}.Release|TwinCAT OS (x64).ActiveCfg = Release|TwinCAT OS (x64)
		{542E6C12-158F-4956-9D68-A6ED0544C3EE}.Release|TwinCAT OS (x64).Build.0 = Release|TwinCAT OS (x64)
		{542E6C12-158F-4956-9D68-A6ED0544C3EE}.Release|TwinCAT RT (x64).ActiveCfg = Release|TwinCAT RT (x64)
		{542E6C12-158F-4956-9D68-A6ED0544C3EE}.Release|TwinCAT RT (x64).Build.0 = Release|TwinCAT RT (x64)
		{542E6C12-158F-4956-9D68-A6ED0544C3EE}.Release|TwinCAT RT (x86).ActiveCfg = Release|TwinCAT RT (x86)
		{542E6C12-158F-4956-9D68-A6ED0544C3EE}.Release|TwinCAT RT (x86).Build.0 = Release|TwinCAT RT (x86)
	EndGlobalSection
	GlobalSection(SolutionProperties) = preSolution
		HideSolutionNode = FALSE
	EndGlobalSection
	GlobalSection(ExtensibilityGlobals) = postSolution
		SolutionGuid = {A8FBAB29-B4D4-4CB3-956F-A9ED343C4634}
	EndGlobalSection
EndGlobal
